
Microsoft Visual Studio Solution File, Format Version 12.00
# Visual Studio Version 17
VisualStudioVersion = 17.8.34511.84
MinimumVisualStudioVersion = 10.0.40219.1
Project("{FAE04EC0-301F-11D3-BF4B-00C04F79EFBC}") = "DmStore", "src\DmStore\DmStore.csproj", "{13779013-96C4-4CF0-B369-9966F8FF1FDD}"
EndProject
Global
	GlobalSection(SolutionConfigurationPlatforms) = preSolution
		Debug|Any CPU = Debug|Any CPU
		Release|Any CPU = Release|Any CPU
	EndGlobalSection
	GlobalSection(ProjectConfigurationPlatforms) = postSolution
		{13779013-96C4-4CF0-B369-9966F8FF1FDD}.Debug|Any CPU.ActiveCfg = Debug|Any CPU
		{13779013-96C4-4CF0-B369-9966F8FF1FDD}.Debug|Any CPU.Build.0 = Debug|Any CPU
		{13779013-96C4-4CF0-B369-9966F8FF1FDD}.Release|Any CPU.ActiveCfg = Release|Any CPU
		{13779013-96C4-4CF0-B369-9966F8FF1FDD}.Release|Any CPU.Build.0 = Release|Any CPU
	EndGlobalSection
	GlobalSection(SolutionProperties) = preSolution
		HideSolutionNode = FALSE
	EndGlobalSection
	GlobalSection(ExtensibilityGlobals) = postSolution
		SolutionGuid = {84CCFBA5-0823-44A8-BD6C-2B830C6317B6}
	EndGlobalSection
EndGlobal
